
Microsoft Visual Studio Solution File, Format Version 12.00
# Visual Studio 14
VisualStudioVersion = 14.0.25420.1
MinimumVisualStudioVersion = 10.0.40219.1
Project("{FAE04EC0-301F-11D3-BF4B-00C04F79EFBC}") = "OnTimeForTheExam", "OnTimeForTheExam\OnTimeForTheExam.csproj", "{C019E556-E1B7-40A4-8A37-1455DF9215C0}"
EndProject
Project("{FAE04EC0-301F-11D3-BF4B-00C04F79EFBC}") = "Trip", "Trip\Trip.csproj", "{EB551631-04E2-4022-AE1B-A9311996462B}"
EndProject
Project("{FAE04EC0-301F-11D3-BF4B-00C04F79EFBC}") = "OperationsBetweenNumbers", "OperationsBetweenNumbers\OperationsBetweenNumbers.csproj", "{E2C4F799-56D0-4FFE-81D9-0007B8D3B957}"
EndProject
Project("{FAE04EC0-301F-11D3-BF4B-00C04F79EFBC}") = "MatchTickets", "MatchTickets\MatchTickets.csproj", "{2B9B103D-9FC4-4F2E-8E26-BF78B26FFA5C}"
EndProject
Project("{FAE04EC0-301F-11D3-BF4B-00C04F79EFBC}") = "HotelRoom", "HotelRoom\HotelRoom.csproj", "{6CD04E21-ED65-4CB4-B0FD-59CB89DC40D7}"
EndProject
Global
	GlobalSection(SolutionConfigurationPlatforms) = preSolution
		Debug|Any CPU = Debug|Any CPU
		Release|Any CPU = Release|Any CPU
	EndGlobalSection
	GlobalSection(ProjectConfigurationPlatforms) = postSolution
		{C019E556-E1B7-40A4-8A37-1455DF9215C0}.Debug|Any CPU.ActiveCfg = Debug|Any CPU
		{C019E556-E1B7-40A4-8A37-1455DF9215C0}.Debug|Any CPU.Build.0 = Debug|Any CPU
		{C019E556-E1B7-40A4-8A37-1455DF9215C0}.Release|Any CPU.ActiveCfg = Release|Any CPU
		{C019E556-E1B7-40A4-8A37-1455DF9215C0}.Release|Any CPU.Build.0 = Release|Any CPU
		{EB551631-04E2-4022-AE1B-A9311996462B}.Debug|Any CPU.ActiveCfg = Debug|Any CPU
		{EB551631-04E2-4022-AE1B-A9311996462B}.Debug|Any CPU.Build.0 = Debug|Any CPU
		{EB551631-04E2-4022-AE1B-A9311996462B}.Release|Any CPU.ActiveCfg = Release|Any CPU
		{EB551631-04E2-4022-AE1B-A9311996462B}.Release|Any CPU.Build.0 = Release|Any CPU
		{E2C4F799-56D0-4FFE-81D9-0007B8D3B957}.Debug|Any CPU.ActiveCfg = Debug|Any CPU
		{E2C4F799-56D0-4FFE-81D9-0007B8D3B957}.Debug|Any CPU.Build.0 = Debug|Any CPU
		{E2C4F799-56D0-4FFE-81D9-0007B8D3B957}.Release|Any CPU.ActiveCfg = Release|Any CPU
		{E2C4F799-56D0-4FFE-81D9-0007B8D3B957}.Release|Any CPU.Build.0 = Release|Any CPU
		{2B9B103D-9FC4-4F2E-8E26-BF78B26FFA5C}.Debug|Any CPU.ActiveCfg = Debug|Any CPU
		{2B9B103D-9FC4-4F2E-8E26-BF78B26FFA5C}.Debug|Any CPU.Build.0 = Debug|Any CPU
		{2B9B103D-9FC4-4F2E-8E26-BF78B26FFA5C}.Release|Any CPU.ActiveCfg = Release|Any CPU
		{2B9B103D-9FC4-4F2E-8E26-BF78B26FFA5C}.Release|Any CPU.Build.0 = Release|Any CPU
		{6CD04E21-ED65-4CB4-B0FD-59CB89DC40D7}.Debug|Any CPU.ActiveCfg = Debug|Any CPU
		{6CD04E21-ED65-4CB4-B0FD-59CB89DC40D7}.Debug|Any CPU.Build.0 = Debug|Any CPU
		{6CD04E21-ED65-4CB4-B0FD-59CB89DC40D7}.Release|Any CPU.ActiveCfg = Release|Any CPU
		{6CD04E21-ED65-4CB4-B0FD-59CB89DC40D7}.Release|Any CPU.Build.0 = Release|Any CPU
	EndGlobalSection
	GlobalSection(SolutionProperties) = preSolution
		HideSolutionNode = FALSE
	EndGlobalSection
EndGlobal
